
Microsoft Visual Studio Solution File, Format Version 12.00
# Visual Studio Version 17
VisualStudioVersion = 17.3.32922.545
MinimumVisualStudioVersion = 10.0.40219.1
Project("{FAE04EC0-301F-11D3-BF4B-00C04F79EFBC}") = "selected_tasks_console_switch", "selected_tasks_console_switch\selected_tasks_console_switch.csproj", "{7266456C-4FD5-4DA8-9BA1-4AA52AB2469D}"
EndProject
Global
	GlobalSection(SolutionConfigurationPlatforms) = preSolution
		Debug|Any CPU = Debug|Any CPU
		Release|Any CPU = Release|Any CPU
	EndGlobalSection
	GlobalSection(ProjectConfigurationPlatforms) = postSolution
		{7266456C-4FD5-4DA8-9BA1-4AA52AB2469D}.Debug|Any CPU.ActiveCfg = Debug|Any CPU
		{7266456C-4FD5-4DA8-9BA1-4AA52AB2469D}.Debug|Any CPU.Build.0 = Debug|Any CPU
		{7266456C-4FD5-4DA8-9BA1-4AA52AB2469D}.Release|Any CPU.ActiveCfg = Release|Any CPU
		{7266456C-4FD5-4DA8-9BA1-4AA52AB2469D}.Release|Any CPU.Build.0 = Release|Any CPU
	EndGlobalSection
	GlobalSection(SolutionProperties) = preSolution
		HideSolutionNode = FALSE
	EndGlobalSection
	GlobalSection(ExtensibilityGlobals) = postSolution
		SolutionGuid = {5F4AF95B-B5A4-4510-9A14-D621B6461143}
	EndGlobalSection
EndGlobal
